<Solution>
  <Folder Name="/src/">
    <Project Path="src/LifeOS.Application/LifeOS.Application.csproj" />
    <Project Path="src/LifeOS.Desktop/LifeOS.Desktop.csproj" />
    <Project Path="src/LifeOS.Domain/LifeOS.Domain.csproj" />
    <Project Path="src/LifeOS.Infrastructure/LifeOS.Infrastructure.csproj" />
    <Project Path="src/LifeOS.Persistence/LifeOS.Persistence.csproj" />
  </Folder>
</Solution>
